<?xml version="1.0" encoding="utf-8"?>
<Project ToolsVersion="4.0" xmlns="http://schemas.microsoft.com/developer/msbuild/2003">
  <ItemGroup>
    <Filter Include="源文件">
      <UniqueIdentifier>{4FC737F1-C7A5-4376-A066-2A32D752A2FF}</UniqueIdentifier>
      <Extensions>cpp;c;cc;cxx;def;odl;idl;hpj;bat;asm;asmx</Extensions>
    </Filter>
    <Filter Include="头文件">
      <UniqueIdentifier>{93995380-89BD-4b04-88EB-625FBE52EBFB}</UniqueIdentifier>
      <Extensions>h;hh;hpp;hxx;hm;inl;inc;xsd</Extensions>
    </Filter>
    <Filter Include="资源文件">
      <UniqueIdentifier>{67DA6AB6-F800-4c08-8B7A-83BB121AAD01}</UniqueIdentifier>
      <Extensions>rc;ico;cur;bmp;dlg;rc2;rct;bin;rgs;gif;jpg;jpeg;jpe;resx;tiff;tif;png;wav;mfcribbon-ms</Extensions>
    </Filter>
    <Filter Include="No1">
      <UniqueIdentifier>{4a213968-eda8-4ed6-a94a-80cec364a8e6}</UniqueIdentifier>
    </Filter>
    <Filter Include="No2">
      <UniqueIdentifier>{fbd750fa-7c59-4912-b1c7-14a176cf8da0}</UniqueIdentifier>
    </Filter>
  </ItemGroup>
  <ItemGroup>
    <ClCompile Include="main.cpp">
      <Filter>源文件</Filter>
    </ClCompile>
  </ItemGroup>
  <ItemGroup>
    <ClInclude Include="No1\CMyString.h">
      <Filter>No1</Filter>
    </ClInclude>
    <ClInclude Include="No2\StructAndClass.h">
      <Filter>No2</Filter>
    </ClInclude>
    <ClInclude Include="No3\C2dArraySearch.h">
      <Filter>头文件</Filter>
    </ClInclude>
    <ClInclude Include="No4\CReplaceSpace.h">
      <Filter>头文件</Filter>
    </ClInclude>
    <ClInclude Include="No5\CPrintList.h">
      <Filter>头文件</Filter>
    </ClInclude>
    <ClInclude Include="No6\CReconstructBinaryTree.h">
      <Filter>头文件</Filter>
    </ClInclude>
    <ClInclude Include="No7\CQueueUsingTwoStack.h">
      <Filter>头文件</Filter>
    </ClInclude>
    <ClInclude Include="No8\CRotateArray.h">
      <Filter>头文件</Filter>
    </ClInclude>
    <ClInclude Include="No9\CFibonacci.h">
      <Filter>头文件</Filter>
    </ClInclude>
    <ClInclude Include="No10\CBinary.h">
      <Filter>头文件</Filter>
    </ClInclude>
    <ClInclude Include="No11\CNPower.h">
      <Filter>头文件</Filter>
    </ClInclude>
    <ClInclude Include="No12\CPrintNDigits.h">
      <Filter>头文件</Filter>
    </ClInclude>
    <ClInclude Include="No13\CDeleteListNode.h">
      <Filter>头文件</Filter>
    </ClInclude>
    <ClInclude Include="No14\CReorderOddEven.h">
      <Filter>头文件</Filter>
    </ClInclude>
    <ClInclude Include="No15\CLastKthNode.h">
      <Filter>头文件</Filter>
    </ClInclude>
    <ClInclude Include="No16\CReverseList.h">
      <Filter>头文件</Filter>
    </ClInclude>
    <ClInclude Include="No17\CMergeSortedList.h">
      <Filter>头文件</Filter>
    </ClInclude>
    <ClInclude Include="No18\CJudgeSubTree.h">
      <Filter>头文件</Filter>
    </ClInclude>
    <ClInclude Include="No19\CMirrorOfBinaryTree.h">
      <Filter>头文件</Filter>
    </ClInclude>
    <ClInclude Include="No20\CPrintMatrix.h">
      <Filter>头文件</Filter>
    </ClInclude>
    <ClInclude Include="No21\CMyStack.h">
      <Filter>头文件</Filter>
    </ClInclude>
    <ClInclude Include="No22\CStackPopOrder.h">
      <Filter>头文件</Filter>
    </ClInclude>
    <ClInclude Include="No23\CPrintTree.h">
      <Filter>头文件</Filter>
    </ClInclude>
    <ClInclude Include="No24\CBinarySearchTree.h">
      <Filter>头文件</Filter>
    </ClInclude>
    <ClInclude Include="No25\CFindPathInBT.h">
      <Filter>头文件</Filter>
    </ClInclude>
    <ClInclude Include="No26\CComplexList.h">
      <Filter>头文件</Filter>
    </ClInclude>
    <ClInclude Include="No27\CBST2DoublyList.h">
      <Filter>头文件</Filter>
    </ClInclude>
    <ClInclude Include="No28\CPermutation.h">
      <Filter>头文件</Filter>
    </ClInclude>
    <ClInclude Include="No29\CFindMoreThanHalf.h">
      <Filter>头文件</Filter>
    </ClInclude>
    <ClInclude Include="No30\CFindLeastNumbers.h">
      <Filter>头文件</Filter>
    </ClInclude>
    <ClInclude Include="No31\CMaxSumOfSubset.h">
      <Filter>头文件</Filter>
    </ClInclude>
    <ClInclude Include="No32\CFrequencyOf1.h">
      <Filter>头文件</Filter>
    </ClInclude>
    <ClInclude Include="No33\CMinOfCombination.h">
      <Filter>头文件</Filter>
    </ClInclude>
    <ClInclude Include="No34\CUglyNumber.h">
      <Filter>头文件</Filter>
    </ClInclude>
    <ClInclude Include="No35\CRepeatingChar.h">
      <Filter>头文件</Filter>
    </ClInclude>
    <ClInclude Include="No38\CCountNumber.h">
      <Filter>头文件</Filter>
    </ClInclude>
    <ClInclude Include="No39\CDepthOfTree.h">
      <Filter>头文件</Filter>
    </ClInclude>
    <ClInclude Include="No40\CFindOnceNumber.h">
      <Filter>头文件</Filter>
    </ClInclude>
    <ClInclude Include="No41\CFindNumberWithSum.h">
      <Filter>头文件</Filter>
    </ClInclude>
    <ClInclude Include="No42\COperateString.h">
      <Filter>头文件</Filter>
    </ClInclude>
    <ClInclude Include="No43\CPrintProbability.h">
      <Filter>头文件</Filter>
    </ClInclude>
    <ClInclude Include="No44\CJudgeCards.h">
      <Filter>头文件</Filter>
    </ClInclude>
    <ClInclude Include="No45\CEraseCirle.h">
      <Filter>头文件</Filter>
    </ClInclude>
    <ClInclude Include="No46\CSumOfN.h">
      <Filter>头文件</Filter>
    </ClInclude>
    <ClInclude Include="No47\CAdd.h">
      <Filter>头文件</Filter>
    </ClInclude>
    <ClInclude Include="No51\CDuplicationInArray.h">
      <Filter>头文件</Filter>
    </ClInclude>
    <ClInclude Include="No52\CMultiplyArray.h">
      <Filter>头文件</Filter>
    </ClInclude>
    <ClInclude Include="No53\CRegularExpression.h">
      <Filter>头文件</Filter>
    </ClInclude>
  </ItemGroup>
</Project>